// !$*UTF8*$!
{
	archiveVersion = 1;
	classes = {
	};
	objectVersion = 52;
	objects = {

/* Begin PBXBuildFile section */
		00EEF13F279B4BF60067E20E /* AppDelegate.swift in Sources */ = {isa = PBXBuildFile; fileRef = 00EEF13E279B4BF60067E20E /* AppDelegate.swift */; };
		00EEF141279B4BF60067E20E /* SceneDelegate.swift in Sources */ = {isa = PBXBuildFile; fileRef = 00EEF140279B4BF60067E20E /* SceneDelegate.swift */; };
		00EEF143279B4BF60067E20E /* ContentView.swift in Sources */ = {isa = PBXBuildFile; fileRef = 00EEF142279B4BF60067E20E /* ContentView.swift */; };
		00EEF145279B4BFD0067E20E /* Assets.xcassets in Resources */ = {isa = PBXBuildFile; fileRef = 00EEF144279B4BFD0067E20E /* Assets.xcassets */; };
		00EEF148279B4BFD0067E20E /* Preview Assets.xcassets in Resources */ = {isa = PBXBuildFile; fileRef = 00EEF147279B4BFD0067E20E /* Preview Assets.xcassets */; };
		00EEF14B279B4BFD0067E20E /* LaunchScreen.storyboard in Resources */ = {isa = PBXBuildFile; fileRef = 00EEF149279B4BFD0067E20E /* LaunchScreen.storyboard */; };
		00EEF153279B4FDB0067E20E /* Login.swift in Sources */ = {isa = PBXBuildFile; fileRef = 00EEF152279B4FDA0067E20E /* Login.swift */; };
		00EEF156279B60820067E20E /* Extensions.swift in Sources */ = {isa = PBXBuildFile; fileRef = 00EEF155279B60820067E20E /* Extensions.swift */; };
		00EEF15A279B6EFD0067E20E /* PresentAsModalExtension.swift in Sources */ = {isa = PBXBuildFile; fileRef = 00EEF159279B6EFC0067E20E /* PresentAsModalExtension.swift */; };
		00EEF15C279B82BB0067E20E /* Register.swift in Sources */ = {isa = PBXBuildFile; fileRef = 00EEF15B279B82BB0067E20E /* Register.swift */; };
		00EEF15F279C13460067E20E /* FirebaseFirestore in Frameworks */ = {isa = PBXBuildFile; productRef = 00EEF15E279C13460067E20E /* FirebaseFirestore */; };
		00EEF161279C13460067E20E /* FirebaseDatabase in Frameworks */ = {isa = PBXBuildFile; productRef = 00EEF160279C13460067E20E /* FirebaseDatabase */; };
		00EEF163279C13460067E20E /* FirebaseAnalytics in Frameworks */ = {isa = PBXBuildFile; productRef = 00EEF162279C13460067E20E /* FirebaseAnalytics */; };
		00EEF165279C13460067E20E /* FirebaseStorage in Frameworks */ = {isa = PBXBuildFile; productRef = 00EEF164279C13460067E20E /* FirebaseStorage */; };
		00EEF167279C13460067E20E /* FirebaseCrashlytics in Frameworks */ = {isa = PBXBuildFile; productRef = 00EEF166279C13460067E20E /* FirebaseCrashlytics */; };
		00EEF169279C13460067E20E /* FirebaseRemoteConfig in Frameworks */ = {isa = PBXBuildFile; productRef = 00EEF168279C13460067E20E /* FirebaseRemoteConfig */; };
		00EEF16B279C13460067E20E /* FirebaseMessaging in Frameworks */ = {isa = PBXBuildFile; productRef = 00EEF16A279C13460067E20E /* FirebaseMessaging */; };
		00EEF16D279C13460067E20E /* FirebaseAuth in Frameworks */ = {isa = PBXBuildFile; productRef = 00EEF16C279C13460067E20E /* FirebaseAuth */; };
		00EEF173279D78330067E20E /* Games.swift in Sources */ = {isa = PBXBuildFile; fileRef = 00EEF172279D78320067E20E /* Games.swift */; };
		00EEF176279D9D860067E20E /* GameRoom.swift in Sources */ = {isa = PBXBuildFile; fileRef = 00EEF175279D9D860067E20E /* GameRoom.swift */; };
		00EEF178279D9DC20067E20E /* Gamer.swift in Sources */ = {isa = PBXBuildFile; fileRef = 00EEF177279D9DC20067E20E /* Gamer.swift */; };
		00EEF17A27A09AEA0067E20E /* GoogleService-Info.plist in Resources */ = {isa = PBXBuildFile; fileRef = 00EEF17927A09AEA0067E20E /* GoogleService-Info.plist */; };
		00EEF17C27A1D2330067E20E /* Play.swift in Sources */ = {isa = PBXBuildFile; fileRef = 00EEF17B27A1D2330067E20E /* Play.swift */; };
/* End PBXBuildFile section */

/* Begin PBXFileReference section */
		00EEF13B279B4BF60067E20E /* rpslive.app */ = {isa = PBXFileReference; explicitFileType = wrapper.application; includeInIndex = 0; path = rpslive.app; sourceTree = BUILT_PRODUCTS_DIR; };
		00EEF13E279B4BF60067E20E /* AppDelegate.swift */ = {isa = PBXFileReference; lastKnownFileType = sourcecode.swift; path = AppDelegate.swift; sourceTree = "<group>"; };
		00EEF140279B4BF60067E20E /* SceneDelegate.swift */ = {isa = PBXFileReference; lastKnownFileType = sourcecode.swift; path = SceneDelegate.swift; sourceTree = "<group>"; };
		00EEF142279B4BF60067E20E /* ContentView.swift */ = {isa = PBXFileReference; lastKnownFileType = sourcecode.swift; path = ContentView.swift; sourceTree = "<group>"; };
		00EEF144279B4BFD0067E20E /* Assets.xcassets */ = {isa = PBXFileReference; lastKnownFileType = folder.assetcatalog; path = Assets.xcassets; sourceTree = "<group>"; };
		00EEF147279B4BFD0067E20E /* Preview Assets.xcassets */ = {isa = PBXFileReference; lastKnownFileType = folder.assetcatalog; path = "Preview Assets.xcassets"; sourceTree = "<group>"; };
		00EEF14A279B4BFD0067E20E /* Base */ = {isa = PBXFileReference; lastKnownFileType = file.storyboard; name = Base; path = Base.lproj/LaunchScreen.storyboard; sourceTree = "<group>"; };
		00EEF14C279B4BFD0067E20E /* Info.plist */ = {isa = PBXFileReference; lastKnownFileType = text.plist.xml; path = Info.plist; sourceTree = "<group>"; };
		00EEF152279B4FDA0067E20E /* Login.swift */ = {isa = PBXFileReference; lastKnownFileType = sourcecode.swift; path = Login.swift; sourceTree = "<group>"; };
		00EEF155279B60820067E20E /* Extensions.swift */ = {isa = PBXFileReference; lastKnownFileType = sourcecode.swift; path = Extensions.swift; sourceTree = "<group>"; };
		00EEF159279B6EFC0067E20E /* PresentAsModalExtension.swift */ = {isa = PBXFileReference; lastKnownFileType = sourcecode.swift; path = PresentAsModalExtension.swift; sourceTree = "<group>"; };
		00EEF15B279B82BB0067E20E /* Register.swift */ = {isa = PBXFileReference; lastKnownFileType = sourcecode.swift; path = Register.swift; sourceTree = "<group>"; };
		00EEF172279D78320067E20E /* Games.swift */ = {isa = PBXFileReference; lastKnownFileType = sourcecode.swift; path = Games.swift; sourceTree = "<group>"; };
		00EEF175279D9D860067E20E /* GameRoom.swift */ = {isa = PBXFileReference; lastKnownFileType = sourcecode.swift; path = GameRoom.swift; sourceTree = "<group>"; };
		00EEF177279D9DC20067E20E /* Gamer.swift */ = {isa = PBXFileReference; lastKnownFileType = sourcecode.swift; path = Gamer.swift; sourceTree = "<group>"; };
		00EEF17927A09AEA0067E20E /* GoogleService-Info.plist */ = {isa = PBXFileReference; fileEncoding = 4; lastKnownFileType = text.plist.xml; path = "GoogleService-Info.plist"; sourceTree = "<group>"; };
		00EEF17B27A1D2330067E20E /* Play.swift */ = {isa = PBXFileReference; lastKnownFileType = sourcecode.swift; path = Play.swift; sourceTree = "<group>"; };
/* End PBXFileReference section */

/* Begin PBXFrameworksBuildPhase section */
		00EEF138279B4BF60067E20E /* Frameworks */ = {
			isa = PBXFrameworksBuildPhase;
			buildActionMask = 2147483647;
			files = (
				00EEF161279C13460067E20E /* FirebaseDatabase in Frameworks */,
				00EEF165279C13460067E20E /* FirebaseStorage in Frameworks */,
				00EEF16B279C13460067E20E /* FirebaseMessaging in Frameworks */,
				00EEF167279C13460067E20E /* FirebaseCrashlytics in Frameworks */,
				00EEF169279C13460067E20E /* FirebaseRemoteConfig in Frameworks */,
				00EEF15F279C13460067E20E /* FirebaseFirestore in Frameworks */,
				00EEF163279C13460067E20E /* FirebaseAnalytics in Frameworks */,
				00EEF16D279C13460067E20E /* FirebaseAuth in Frameworks */,
			);
			runOnlyForDeploymentPostprocessing = 0;
		};
/* End PBXFrameworksBuildPhase section */

/* Begin PBXGroup section */
		00EEF132279B4BF60067E20E = {
			isa = PBXGroup;
			children = (
				00EEF13D279B4BF60067E20E /* rpslive */,
				00EEF13C279B4BF60067E20E /* Products */,
			);
			sourceTree = "<group>";
		};
		00EEF13C279B4BF60067E20E /* Products */ = {
			isa = PBXGroup;
			children = (
				00EEF13B279B4BF60067E20E /* rpslive.app */,
			);
			name = Products;
			sourceTree = "<group>";
		};
		00EEF13D279B4BF60067E20E /* rpslive */ = {
			isa = PBXGroup;
			children = (
				00EEF17927A09AEA0067E20E /* GoogleService-Info.plist */,
				00EEF174279D9D6E0067E20E /* Models */,
				00EEF154279B4FF50067E20E /* View */,
				00EEF13E279B4BF60067E20E /* AppDelegate.swift */,
				00EEF140279B4BF60067E20E /* SceneDelegate.swift */,
				00EEF142279B4BF60067E20E /* ContentView.swift */,
				00EEF144279B4BFD0067E20E /* Assets.xcassets */,
				00EEF149279B4BFD0067E20E /* LaunchScreen.storyboard */,
				00EEF14C279B4BFD0067E20E /* Info.plist */,
				00EEF146279B4BFD0067E20E /* Preview Content */,
				00EEF155279B60820067E20E /* Extensions.swift */,
				00EEF159279B6EFC0067E20E /* PresentAsModalExtension.swift */,
			);
			path = rpslive;
			sourceTree = "<group>";
		};
		00EEF146279B4BFD0067E20E /* Preview Content */ = {
			isa = PBXGroup;
			children = (
				00EEF147279B4BFD0067E20E /* Preview Assets.xcassets */,
			);
			path = "Preview Content";
			sourceTree = "<group>";
		};
		00EEF154279B4FF50067E20E /* View */ = {
			isa = PBXGroup;
			children = (
				00EEF152279B4FDA0067E20E /* Login.swift */,
				00EEF15B279B82BB0067E20E /* Register.swift */,
				00EEF172279D78320067E20E /* Games.swift */,
				00EEF17B27A1D2330067E20E /* Play.swift */,
			);
			path = View;
			sourceTree = "<group>";
		};
		00EEF174279D9D6E0067E20E /* Models */ = {
			isa = PBXGroup;
			children = (
				00EEF175279D9D860067E20E /* GameRoom.swift */,
				00EEF177279D9DC20067E20E /* Gamer.swift */,
			);
			path = Models;
			sourceTree = "<group>";
		};
/* End PBXGroup section */

/* Begin PBXNativeTarget section */
		00EEF13A279B4BF60067E20E /* rpslive */ = {
			isa = PBXNativeTarget;
			buildConfigurationList = 00EEF14F279B4BFD0067E20E /* Build configuration list for PBXNativeTarget "rpslive" */;
			buildPhases = (
				00EEF137279B4BF60067E20E /* Sources */,
				00EEF138279B4BF60067E20E /* Frameworks */,
				00EEF139279B4BF60067E20E /* Resources */,
			);
			buildRules = (
			);
			dependencies = (
			);
			name = rpslive;
			packageProductDependencies = (
				00EEF15E279C13460067E20E /* FirebaseFirestore */,
				00EEF160279C13460067E20E /* FirebaseDatabase */,
				00EEF162279C13460067E20E /* FirebaseAnalytics */,
				00EEF164279C13460067E20E /* FirebaseStorage */,
				00EEF166279C13460067E20E /* FirebaseCrashlytics */,
				00EEF168279C13460067E20E /* FirebaseRemoteConfig */,
				00EEF16A279C13460067E20E /* FirebaseMessaging */,
				00EEF16C279C13460067E20E /* FirebaseAuth */,
			);
			productName = rpslive;
			productReference = 00EEF13B279B4BF60067E20E /* rpslive.app */;
			productType = "com.apple.product-type.application";
		};
/* End PBXNativeTarget section */

/* Begin PBXProject section */
		00EEF133279B4BF60067E20E /* Project object */ = {
			isa = PBXProject;
			attributes = {
				LastSwiftUpdateCheck = 1250;
				LastUpgradeCheck = 1250;
				TargetAttributes = {
					00EEF13A279B4BF60067E20E = {
						CreatedOnToolsVersion = 12.5.1;
					};
				};
			};
			buildConfigurationList = 00EEF136279B4BF60067E20E /* Build configuration list for PBXProject "rpslive" */;
			compatibilityVersion = "Xcode 9.3";
			developmentRegion = en;
			hasScannedForEncodings = 0;
			knownRegions = (
				en,
				Base,
			);
			mainGroup = 00EEF132279B4BF60067E20E;
			packageReferences = (
				00EEF15D279C13450067E20E /* XCRemoteSwiftPackageReference "firebase-ios-sdk" */,
			);
			productRefGroup = 00EEF13C279B4BF60067E20E /* Products */;
			projectDirPath = "";
			projectRoot = "";
			targets = (
				00EEF13A279B4BF60067E20E /* rpslive */,
			);
		};
/* End PBXProject section */

/* Begin PBXResourcesBuildPhase section */
		00EEF139279B4BF60067E20E /* Resources */ = {
			isa = PBXResourcesBuildPhase;
			buildActionMask = 2147483647;
			files = (
				00EEF14B279B4BFD0067E20E /* LaunchScreen.storyboard in Resources */,
				00EEF148279B4BFD0067E20E /* Preview Assets.xcassets in Resources */,
				00EEF145279B4BFD0067E20E /* Assets.xcassets in Resources */,
				00EEF17A27A09AEA0067E20E /* GoogleService-Info.plist in Resources */,
			);
			runOnlyForDeploymentPostprocessing = 0;
		};
/* End PBXResourcesBuildPhase section */

/* Begin PBXSourcesBuildPhase section */
		00EEF137279B4BF60067E20E /* Sources */ = {
			isa = PBXSourcesBuildPhase;
			buildActionMask = 2147483647;
			files = (
				00EEF156279B60820067E20E /* Extensions.swift in Sources */,
				00EEF15A279B6EFD0067E20E /* PresentAsModalExtension.swift in Sources */,
				00EEF13F279B4BF60067E20E /* AppDelegate.swift in Sources */,
				00EEF178279D9DC20067E20E /* Gamer.swift in Sources */,
				00EEF173279D78330067E20E /* Games.swift in Sources */,
				00EEF141279B4BF60067E20E /* SceneDelegate.swift in Sources */,
				00EEF15C279B82BB0067E20E /* Register.swift in Sources */,
				00EEF176279D9D860067E20E /* GameRoom.swift in Sources */,
				00EEF143279B4BF60067E20E /* ContentView.swift in Sources */,
				00EEF153279B4FDB0067E20E /* Login.swift in Sources */,
				00EEF17C27A1D2330067E20E /* Play.swift in Sources */,
			);
			runOnlyForDeploymentPostprocessing = 0;
		};
/* End PBXSourcesBuildPhase section */

/* Begin PBXVariantGroup section */
		00EEF149279B4BFD0067E20E /* LaunchScreen.storyboard */ = {
			isa = PBXVariantGroup;
			children = (
				00EEF14A279B4BFD0067E20E /* Base */,
			);
			name = LaunchScreen.storyboard;
			sourceTree = "<group>";
		};
/* End PBXVariantGroup section */

/* Begin XCBuildConfiguration section */
		00EEF14D279B4BFD0067E20E /* Debug */ = {
			isa = XCBuildConfiguration;
			buildSettings = {
				ALWAYS_SEARCH_USER_PATHS = NO;
				CLANG_ANALYZER_NONNULL = YES;
				CLANG_ANALYZER_NUMBER_OBJECT_CONVERSION = YES_AGGRESSIVE;
				CLANG_CXX_LANGUAGE_STANDARD = "gnu++14";
				CLANG_CXX_LIBRARY = "libc++";
				CLANG_ENABLE_MODULES = YES;
				CLANG_ENABLE_OBJC_ARC = YES;
				CLANG_ENABLE_OBJC_WEAK = YES;
				CLANG_WARN_BLOCK_CAPTURE_AUTORELEASING = YES;
				CLANG_WARN_BOOL_CONVERSION = YES;
				CLANG_WARN_COMMA = YES;
				CLANG_WARN_CONSTANT_CONVERSION = YES;
				CLANG_WARN_DEPRECATED_OBJC_IMPLEMENTATIONS = YES;
				CLANG_WARN_DIRECT_OBJC_ISA_USAGE = YES_ERROR;
				CLANG_WARN_DOCUMENTATION_COMMENTS = YES;
				CLANG_WARN_EMPTY_BODY = YES;
				CLANG_WARN_ENUM_CONVERSION = YES;
				CLANG_WARN_INFINITE_RECURSION = YES;
				CLANG_WARN_INT_CONVERSION = YES;
				CLANG_WARN_NON_LITERAL_NULL_CONVERSION = YES;
				CLANG_WARN_OBJC_IMPLICIT_RETAIN_SELF = YES;
				CLANG_WARN_OBJC_LITERAL_CONVERSION = YES;
				CLANG_WARN_OBJC_ROOT_CLASS = YES_ERROR;
				CLANG_WARN_QUOTED_INCLUDE_IN_FRAMEWORK_HEADER = YES;
				CLANG_WARN_RANGE_LOOP_ANALYSIS = YES;
				CLANG_WARN_STRICT_PROTOTYPES = YES;
				CLANG_WARN_SUSPICIOUS_MOVE = YES;
				CLANG_WARN_UNGUARDED_AVAILABILITY = YES_AGGRESSIVE;
				CLANG_WARN_UNREACHABLE_CODE = YES;
				CLANG_WARN__DUPLICATE_METHOD_MATCH = YES;
				COPY_PHASE_STRIP = NO;
				DEBUG_INFORMATION_FORMAT = dwarf;
				ENABLE_STRICT_OBJC_MSGSEND = YES;
				ENABLE_TESTABILITY = YES;
				GCC_C_LANGUAGE_STANDARD = gnu11;
				GCC_DYNAMIC_NO_PIC = NO;
				GCC_NO_COMMON_BLOCKS = YES;
				GCC_OPTIMIZATION_LEVEL = 0;
				GCC_PREPROCESSOR_DEFINITIONS = (
					"DEBUG=1",
					"$(inherited)",
				);
				GCC_WARN_64_TO_32_BIT_CONVERSION = YES;
				GCC_WARN_ABOUT_RETURN_TYPE = YES_ERROR;
				GCC_WARN_UNDECLARED_SELECTOR = YES;
				GCC_WARN_UNINITIALIZED_AUTOS = YES_AGGRESSIVE;
				GCC_WARN_UNUSED_FUNCTION = YES;
				GCC_WARN_UNUSED_VARIABLE = YES;
				IPHONEOS_DEPLOYMENT_TARGET = 14.5;
				MTL_ENABLE_DEBUG_INFO = INCLUDE_SOURCE;
				MTL_FAST_MATH = YES;
				ONLY_ACTIVE_ARCH = YES;
				SDKROOT = iphoneos;
				SWIFT_ACTIVE_COMPILATION_CONDITIONS = DEBUG;
				SWIFT_OPTIMIZATION_LEVEL = "-Onone";
			};
			name = Debug;
		};
		00EEF14E279B4BFD0067E20E /* Release */ = {
			isa = XCBuildConfiguration;
			buildSettings = {
				ALWAYS_SEARCH_USER_PATHS = NO;
				CLANG_ANALYZER_NONNULL = YES;
				CLANG_ANALYZER_NUMBER_OBJECT_CONVERSION = YES_AGGRESSIVE;
				CLANG_CXX_LANGUAGE_STANDARD = "gnu++14";
				CLANG_CXX_LIBRARY = "libc++";
				CLANG_ENABLE_MODULES = YES;
				CLANG_ENABLE_OBJC_ARC = YES;
				CLANG_ENABLE_OBJC_WEAK = YES;
				CLANG_WARN_BLOCK_CAPTURE_AUTORELEASING = YES;
				CLANG_WARN_BOOL_CONVERSION = YES;
				CLANG_WARN_COMMA = YES;
				CLANG_WARN_CONSTANT_CONVERSION = YES;
				CLANG_WARN_DEPRECATED_OBJC_IMPLEMENTATIONS = YES;
				CLANG_WARN_DIRECT_OBJC_ISA_USAGE = YES_ERROR;
				CLANG_WARN_DOCUMENTATION_COMMENTS = YES;
				CLANG_WARN_EMPTY_BODY = YES;
				CLANG_WARN_ENUM_CONVERSION = YES;
				CLANG_WARN_INFINITE_RECURSION = YES;
				CLANG_WARN_INT_CONVERSION = YES;
				CLANG_WARN_NON_LITERAL_NULL_CONVERSION = YES;
				CLANG_WARN_OBJC_IMPLICIT_RETAIN_SELF = YES;
				CLANG_WARN_OBJC_LITERAL_CONVERSION = YES;
				CLANG_WARN_OBJC_ROOT_CLASS = YES_ERROR;
				CLANG_WARN_QUOTED_INCLUDE_IN_FRAMEWORK_HEADER = YES;
				CLANG_WARN_RANGE_LOOP_ANALYSIS = YES;
				CLANG_WARN_STRICT_PROTOTYPES = YES;
				CLANG_WARN_SUSPICIOUS_MOVE = YES;
				CLANG_WARN_UNGUARDED_AVAILABILITY = YES_AGGRESSIVE;
				CLANG_WARN_UNREACHABLE_CODE = YES;
				CLANG_WARN__DUPLICATE_METHOD_MATCH = YES;
				COPY_PHASE_STRIP = NO;
				DEBUG_INFORMATION_FORMAT = "dwarf-with-dsym";
				ENABLE_NS_ASSERTIONS = NO;
				ENABLE_STRICT_OBJC_MSGSEND = YES;
				GCC_C_LANGUAGE_STANDARD = gnu11;
				GCC_NO_COMMON_BLOCKS = YES;
				GCC_WARN_64_TO_32_BIT_CONVERSION = YES;
				GCC_WARN_ABOUT_RETURN_TYPE = YES_ERROR;
				GCC_WARN_UNDECLARED_SELECTOR = YES;
				GCC_WARN_UNINITIALIZED_AUTOS = YES_AGGRESSIVE;
				GCC_WARN_UNUSED_FUNCTION = YES;
				GCC_WARN_UNUSED_VARIABLE = YES;
				IPHONEOS_DEPLOYMENT_TARGET = 14.5;
				MTL_ENABLE_DEBUG_INFO = NO;
				MTL_FAST_MATH = YES;
				SDKROOT = iphoneos;
				SWIFT_COMPILATION_MODE = wholemodule;
				SWIFT_OPTIMIZATION_LEVEL = "-O";
				VALIDATE_PRODUCT = YES;
			};
			name = Release;
		};
		00EEF150279B4BFD0067E20E /* Debug */ = {
			isa = XCBuildConfiguration;
			buildSettings = {
				ASSETCATALOG_COMPILER_APPICON_NAME = AppIcon;
				ASSETCATALOG_COMPILER_GLOBAL_ACCENT_COLOR_NAME = AccentColor;
				CODE_SIGN_STYLE = Automatic;
				DEVELOPMENT_ASSET_PATHS = "\"rpslive/Preview Content\"";
				DEVELOPMENT_TEAM = PDS2F42P75;
				ENABLE_PREVIEWS = YES;
				INFOPLIST_FILE = rpslive/Info.plist;
				LD_RUNPATH_SEARCH_PATHS = (
					"$(inherited)",
					"@executable_path/Frameworks",
				);
				PRODUCT_BUNDLE_IDENTIFIER = com.farukkisik.rpslive;
				PRODUCT_NAME = "$(TARGET_NAME)";
				SWIFT_VERSION = 5.0;
				TARGETED_DEVICE_FAMILY = 1;
			};
			name = Debug;
		};
		00EEF151279B4BFD0067E20E /* Release */ = {
			isa = XCBuildConfiguration;
			buildSettings = {
				ASSETCATALOG_COMPILER_APPICON_NAME = AppIcon;
				ASSETCATALOG_COMPILER_GLOBAL_ACCENT_COLOR_NAME = AccentColor;
				CODE_SIGN_STYLE = Automatic;
				DEVELOPMENT_ASSET_PATHS = "\"rpslive/Preview Content\"";
				DEVELOPMENT_TEAM = PDS2F42P75;
				ENABLE_PREVIEWS = YES;
				INFOPLIST_FILE = rpslive/Info.plist;
				LD_RUNPATH_SEARCH_PATHS = (
					"$(inherited)",
					"@executable_path/Frameworks",
				);
				PRODUCT_BUNDLE_IDENTIFIER = com.farukkisik.rpslive;
				PRODUCT_NAME = "$(TARGET_NAME)";
				SWIFT_VERSION = 5.0;
				TARGETED_DEVICE_FAMILY = 1;
			};
			name = Release;
		};
/* End XCBuildConfiguration section */

/* Begin XCConfigurationList section */
		00EEF136279B4BF60067E20E /* Build configuration list for PBXProject "rpslive" */ = {
			isa = XCConfigurationList;
			buildConfigurations = (
				00EEF14D279B4BFD0067E20E /* Debug */,
				00EEF14E279B4BFD0067E20E /* Release */,
			);
			defaultConfigurationIsVisible = 0;
			defaultConfigurationName = Release;
		};
		00EEF14F279B4BFD0067E20E /* Build configuration list for PBXNativeTarget "rpslive" */ = {
			isa = XCConfigurationList;
			buildConfigurations = (
				00EEF150279B4BFD0067E20E /* Debug */,
				00EEF151279B4BFD0067E20E /* Release */,
			);
			defaultConfigurationIsVisible = 0;
			defaultConfigurationName = Release;
		};
/* End XCConfigurationList section */

/* Begin XCRemoteSwiftPackageReference section */
		00EEF15D279C13450067E20E /* XCRemoteSwiftPackageReference "firebase-ios-sdk" */ = {
			isa = XCRemoteSwiftPackageReference;
			repositoryURL = "https://github.com/firebase/firebase-ios-sdk";
			requirement = {
				kind = upToNextMajorVersion;
				minimumVersion = 8.11.0;
			};
		};
/* End XCRemoteSwiftPackageReference section */

/* Begin XCSwiftPackageProductDependency section */
		00EEF15E279C13460067E20E /* FirebaseFirestore */ = {
			isa = XCSwiftPackageProductDependency;
			package = 00EEF15D279C13450067E20E /* XCRemoteSwiftPackageReference "firebase-ios-sdk" */;
			productName = FirebaseFirestore;
		};
		00EEF160279C13460067E20E /* FirebaseDatabase */ = {
			isa = XCSwiftPackageProductDependency;
			package = 00EEF15D279C13450067E20E /* XCRemoteSwiftPackageReference "firebase-ios-sdk" */;
			productName = FirebaseDatabase;
		};
		00EEF162279C13460067E20E /* FirebaseAnalytics */ = {
			isa = XCSwiftPackageProductDependency;
			package = 00EEF15D279C13450067E20E /* XCRemoteSwiftPackageReference "firebase-ios-sdk" */;
			productName = FirebaseAnalytics;
		};
		00EEF164279C13460067E20E /* FirebaseStorage */ = {
			isa = XCSwiftPackageProductDependency;
			package = 00EEF15D279C13450067E20E /* XCRemoteSwiftPackageReference "firebase-ios-sdk" */;
			productName = FirebaseStorage;
		};
		00EEF166279C13460067E20E /* FirebaseCrashlytics */ = {
			isa = XCSwiftPackageProductDependency;
			package = 00EEF15D279C13450067E20E /* XCRemoteSwiftPackageReference "firebase-ios-sdk" */;
			productName = FirebaseCrashlytics;
		};
		00EEF168279C13460067E20E /* FirebaseRemoteConfig */ = {
			isa = XCSwiftPackageProductDependency;
			package = 00EEF15D279C13450067E20E /* XCRemoteSwiftPackageReference "firebase-ios-sdk" */;
			productName = FirebaseRemoteConfig;
		};
		00EEF16A279C13460067E20E /* FirebaseMessaging */ = {
			isa = XCSwiftPackageProductDependency;
			package = 00EEF15D279C13450067E20E /* XCRemoteSwiftPackageReference "firebase-ios-sdk" */;
			productName = FirebaseMessaging;
		};
		00EEF16C279C13460067E20E /* FirebaseAuth */ = {
			isa = XCSwiftPackageProductDependency;
			package = 00EEF15D279C13450067E20E /* XCRemoteSwiftPackageReference "firebase-ios-sdk" */;
			productName = FirebaseAuth;
		};
/* End XCSwiftPackageProductDependency section */
	};
	rootObject = 00EEF133279B4BF60067E20E /* Project object */;
}
